PODS:
  - Alamofire (3.4.1)
  - ObjectMapper (1.3.0)
  - PageMenu (1.2.9)
  - Realm (1.0.2):
    - Realm/Headers (= 1.0.2)
  - Realm/Headers (1.0.2)
  - RealmSwift (1.0.2):
    - Realm (= 1.0.2)
  - SDWebImage (3.8.1):
    - SDWebImage/Core (= 3.8.1)
  - SDWebImage/Core (3.8.1)
  - SVPullToRefresh (0.4.1)
  - SwiftUtils (1.4.5)

DEPENDENCIES:
  - Alamofire (~> 3.4)
  - ObjectMapper (~> 1.3)
  - PageMenu
  - RealmSwift
  - SDWebImage
  - SVPullToRefresh
  - SwiftUtils (~> 1.4.5)

SPEC CHECKSUMS:
  Alamofire: 01a82e2f6c0f860ade35534c8dd88be61bdef40c
  ObjectMapper: 4eb08a726e9791a93b2632049951b56a7c17e471
  PageMenu: ba19ff267f7a19e444e93c20a7847b78954a7011
  Realm: 9d5c46a4d7d27958530a8dfc58f63a99e5c2cba3
  RealmSwift: 82f3ac5e24530143dddfde2033acc0d308f27d96
  SDWebImage: 35f9627a3e44b4f292a8a8ce6a531fa488239b91
  SVPullToRefresh: ba2e718695a43253d8bea6852d2960097dc15d8c
  SwiftUtils: f4200309f3d12c3caee5601ff857c23aad360b81

PODFILE CHECKSUM: a8aa74fefa7142298b5fb6d3162448c5e2b2b23b

COCOAPODS: 1.1.0.rc.3
