// !$*UTF8*$!
{
	archiveVersion = 1;
	classes = {
	};
	objectVersion = 46;
	objects = {

/* Begin PBXBuildFile section */
		2D0AC48B1D4EF66B001A8B8D /* Assets.xcassets in Resources */ = {isa = PBXBuildFile; fileRef = 2D0AC4841D4EF66B001A8B8D /* Assets.xcassets */; };
		2D0AC48C1D4EF66B001A8B8D /* LaunchScreen.storyboard in Resources */ = {isa = PBXBuildFile; fileRef = 2D0AC4861D4EF66B001A8B8D /* LaunchScreen.storyboard */; };
		2D0AC48D1D4EF66B001A8B8D /* Info.plist in Resources */ = {isa = PBXBuildFile; fileRef = 2D0AC48A1D4EF66B001A8B8D /* Info.plist */; };
		2D0AC4941D4F062D001A8B8D /* AppDelegate.swift in Sources */ = {isa = PBXBuildFile; fileRef = 2D0AC4931D4F062D001A8B8D /* AppDelegate.swift */; };
		2D0AC4971D4F0665001A8B8D /* ChartViewController.swift in Sources */ = {isa = PBXBuildFile; fileRef = 2D0AC4951D4F0665001A8B8D /* ChartViewController.swift */; };
		2D0AC4981D4F0665001A8B8D /* ChartViewController.xib in Resources */ = {isa = PBXBuildFile; fileRef = 2D0AC4961D4F0665001A8B8D /* ChartViewController.xib */; };
		2D0AC49B1D4F067E001A8B8D /* PlaylistViewController.swift in Sources */ = {isa = PBXBuildFile; fileRef = 2D0AC4991D4F067E001A8B8D /* PlaylistViewController.swift */; };
		2D0AC49C1D4F067E001A8B8D /* PlaylistViewController.xib in Resources */ = {isa = PBXBuildFile; fileRef = 2D0AC49A1D4F067E001A8B8D /* PlaylistViewController.xib */; };
		2D0AC49F1D4F0696001A8B8D /* SearchViewController.swift in Sources */ = {isa = PBXBuildFile; fileRef = 2D0AC49D1D4F0696001A8B8D /* SearchViewController.swift */; };
		2D0AC4A01D4F0696001A8B8D /* SearchViewController.xib in Resources */ = {isa = PBXBuildFile; fileRef = 2D0AC49E1D4F0696001A8B8D /* SearchViewController.xib */; };
		2D0AC4A61D4F0864001A8B8D /* BaseTabBarController.swift in Sources */ = {isa = PBXBuildFile; fileRef = 2D0AC4A51D4F0864001A8B8D /* BaseTabBarController.swift */; };
		2D0AC4A81D4F0B44001A8B8D /* extension.swift in Sources */ = {isa = PBXBuildFile; fileRef = 2D0AC4A71D4F0B44001A8B8D /* extension.swift */; };
/* End PBXBuildFile section */

/* Begin PBXFileReference section */
		2D0AC4841D4EF66B001A8B8D /* Assets.xcassets */ = {isa = PBXFileReference; lastKnownFileType = folder.assetcatalog; path = Assets.xcassets; sourceTree = "<group>"; };
		2D0AC4871D4EF66B001A8B8D /* Base */ = {isa = PBXFileReference; lastKnownFileType = file.storyboard; name = Base; path = Base.lproj/LaunchScreen.storyboard; sourceTree = "<group>"; };
		2D0AC48A1D4EF66B001A8B8D /* Info.plist */ = {isa = PBXFileReference; fileEncoding = 4; lastKnownFileType = text.plist.xml; path = Info.plist; sourceTree = "<group>"; };
		2D0AC4931D4F062D001A8B8D /* AppDelegate.swift */ = {isa = PBXFileReference; fileEncoding = 4; lastKnownFileType = sourcecode.swift; path = AppDelegate.swift; sourceTree = "<group>"; };
		2D0AC4951D4F0665001A8B8D /* ChartViewController.swift */ = {isa = PBXFileReference; fileEncoding = 4; lastKnownFileType = sourcecode.swift; path = ChartViewController.swift; sourceTree = "<group>"; };
		2D0AC4961D4F0665001A8B8D /* ChartViewController.xib */ = {isa = PBXFileReference; fileEncoding = 4; lastKnownFileType = file.xib; path = ChartViewController.xib; sourceTree = "<group>"; };
		2D0AC4991D4F067E001A8B8D /* PlaylistViewController.swift */ = {isa = PBXFileReference; fileEncoding = 4; lastKnownFileType = sourcecode.swift; path = PlaylistViewController.swift; sourceTree = "<group>"; };
		2D0AC49A1D4F067E001A8B8D /* PlaylistViewController.xib */ = {isa = PBXFileReference; fileEncoding = 4; lastKnownFileType = file.xib; path = PlaylistViewController.xib; sourceTree = "<group>"; };
		2D0AC49D1D4F0696001A8B8D /* SearchViewController.swift */ = {isa = PBXFileReference; fileEncoding = 4; lastKnownFileType = sourcecode.swift; path = SearchViewController.swift; sourceTree = "<group>"; };
		2D0AC49E1D4F0696001A8B8D /* SearchViewController.xib */ = {isa = PBXFileReference; fileEncoding = 4; lastKnownFileType = file.xib; path = SearchViewController.xib; sourceTree = "<group>"; };
		2D0AC4A51D4F0864001A8B8D /* BaseTabBarController.swift */ = {isa = PBXFileReference; fileEncoding = 4; lastKnownFileType = sourcecode.swift; path = BaseTabBarController.swift; sourceTree = "<group>"; };
		2D0AC4A71D4F0B44001A8B8D /* extension.swift */ = {isa = PBXFileReference; fileEncoding = 4; lastKnownFileType = sourcecode.swift; path = extension.swift; sourceTree = "<group>"; };
		8287D6491D4EEE4800F2344B /* ATMusic.app */ = {isa = PBXFileReference; explicitFileType = wrapper.application; includeInIndex = 0; path = ATMusic.app; sourceTree = BUILT_PRODUCTS_DIR; };
/* End PBXFileReference section */

/* Begin PBXFrameworksBuildPhase section */
		8287D6461D4EEE4800F2344B /* Frameworks */ = {
			isa = PBXFrameworksBuildPhase;
			buildActionMask = 2147483647;
			files = (
			);
			runOnlyForDeploymentPostprocessing = 0;
		};
/* End PBXFrameworksBuildPhase section */

/* Begin PBXGroup section */
		2D0AC47D1D4EF66B001A8B8D /* Controllers */ = {
			isa = PBXGroup;
			children = (
				2D0AC48E1D4F04E3001A8B8D /* Base */,
				2D0AC48F1D4F04E3001A8B8D /* ChartViewController */,
				2D0AC4901D4F04E3001A8B8D /* PlaylistViewController */,
				2D0AC4911D4F04E3001A8B8D /* SearchViewController */,
			);
			path = Controllers;
			sourceTree = "<group>";
		};
		2D0AC47E1D4EF66B001A8B8D /* Controls */ = {
			isa = PBXGroup;
			children = (
			);
			path = Controls;
			sourceTree = "<group>";
		};
		2D0AC47F1D4EF66B001A8B8D /* Define */ = {
			isa = PBXGroup;
			children = (
			);
			path = Define;
			sourceTree = "<group>";
		};
		2D0AC4801D4EF66B001A8B8D /* Libraries */ = {
			isa = PBXGroup;
			children = (
				2D0AC4A71D4F0B44001A8B8D /* extension.swift */,
			);
			path = Libraries;
			sourceTree = "<group>";
		};
		2D0AC4811D4EF66B001A8B8D /* Models */ = {
			isa = PBXGroup;
			children = (
			);
			path = Models;
			sourceTree = "<group>";
		};
		2D0AC4821D4EF66B001A8B8D /* Resources */ = {
			isa = PBXGroup;
			children = (
				2D0AC4831D4EF66B001A8B8D /* Images */,
				2D0AC4851D4EF66B001A8B8D /* Language */,
			);
			path = Resources;
			sourceTree = "<group>";
		};
		2D0AC4831D4EF66B001A8B8D /* Images */ = {
			isa = PBXGroup;
			children = (
				2D0AC4841D4EF66B001A8B8D /* Assets.xcassets */,
			);
			path = Images;
			sourceTree = "<group>";
		};
		2D0AC4851D4EF66B001A8B8D /* Language */ = {
			isa = PBXGroup;
			children = (
				2D0AC4861D4EF66B001A8B8D /* LaunchScreen.storyboard */,
			);
			path = Language;
			sourceTree = "<group>";
		};
		2D0AC4881D4EF66B001A8B8D /* Services */ = {
			isa = PBXGroup;
			children = (
			);
			path = Services;
			sourceTree = "<group>";
		};
		2D0AC4891D4EF66B001A8B8D /* Supports */ = {
			isa = PBXGroup;
			children = (
				2D0AC48A1D4EF66B001A8B8D /* Info.plist */,
			);
			path = Supports;
			sourceTree = "<group>";
		};
		2D0AC48E1D4F04E3001A8B8D /* Base */ = {
			isa = PBXGroup;
			children = (
				2D0AC4931D4F062D001A8B8D /* AppDelegate.swift */,
				2D0AC4A51D4F0864001A8B8D /* BaseTabBarController.swift */,
			);
			path = Base;
			sourceTree = "<group>";
		};
		2D0AC48F1D4F04E3001A8B8D /* ChartViewController */ = {
			isa = PBXGroup;
			children = (
				2D0AC4951D4F0665001A8B8D /* ChartViewController.swift */,
				2D0AC4961D4F0665001A8B8D /* ChartViewController.xib */,
			);
			path = ChartViewController;
			sourceTree = "<group>";
		};
		2D0AC4901D4F04E3001A8B8D /* PlaylistViewController */ = {
			isa = PBXGroup;
			children = (
				2D0AC4991D4F067E001A8B8D /* PlaylistViewController.swift */,
				2D0AC49A1D4F067E001A8B8D /* PlaylistViewController.xib */,
			);
			path = PlaylistViewController;
			sourceTree = "<group>";
		};
		2D0AC4911D4F04E3001A8B8D /* SearchViewController */ = {
			isa = PBXGroup;
			children = (
				2D0AC49D1D4F0696001A8B8D /* SearchViewController.swift */,
				2D0AC49E1D4F0696001A8B8D /* SearchViewController.xib */,
			);
			path = SearchViewController;
			sourceTree = "<group>";
		};
		8287D6401D4EEE4800F2344B = {
			isa = PBXGroup;
			children = (
				8287D64B1D4EEE4800F2344B /* ATMusic */,
				8287D64A1D4EEE4800F2344B /* Products */,
			);
			sourceTree = "<group>";
		};
		8287D64A1D4EEE4800F2344B /* Products */ = {
			isa = PBXGroup;
			children = (
				8287D6491D4EEE4800F2344B /* ATMusic.app */,
			);
			name = Products;
			sourceTree = "<group>";
		};
		8287D64B1D4EEE4800F2344B /* ATMusic */ = {
			isa = PBXGroup;
			children = (
				2D0AC47D1D4EF66B001A8B8D /* Controllers */,
				2D0AC47E1D4EF66B001A8B8D /* Controls */,
				2D0AC47F1D4EF66B001A8B8D /* Define */,
				2D0AC4801D4EF66B001A8B8D /* Libraries */,
				2D0AC4811D4EF66B001A8B8D /* Models */,
				2D0AC4821D4EF66B001A8B8D /* Resources */,
				2D0AC4881D4EF66B001A8B8D /* Services */,
				2D0AC4891D4EF66B001A8B8D /* Supports */,
			);
			path = ATMusic;
			sourceTree = "<group>";
		};
/* End PBXGroup section */

/* Begin PBXNativeTarget section */
		8287D6481D4EEE4800F2344B /* ATMusic */ = {
			isa = PBXNativeTarget;
			buildConfigurationList = 8287D65B1D4EEE4900F2344B /* Build configuration list for PBXNativeTarget "ATMusic" */;
			buildPhases = (
				8287D6451D4EEE4800F2344B /* Sources */,
				8287D6461D4EEE4800F2344B /* Frameworks */,
				8287D6471D4EEE4800F2344B /* Resources */,
			);
			buildRules = (
			);
			dependencies = (
			);
			name = ATMusic;
			productName = ATMusic;
			productReference = 8287D6491D4EEE4800F2344B /* ATMusic.app */;
			productType = "com.apple.product-type.application";
		};
/* End PBXNativeTarget section */

/* Begin PBXProject section */
		8287D6411D4EEE4800F2344B /* Project object */ = {
			isa = PBXProject;
			attributes = {
				LastSwiftUpdateCheck = 0730;
				LastUpgradeCheck = 0730;
				ORGANIZATIONNAME = at;
				TargetAttributes = {
					8287D6481D4EEE4800F2344B = {
						CreatedOnToolsVersion = 7.3;
					};
				};
			};
			buildConfigurationList = 8287D6441D4EEE4800F2344B /* Build configuration list for PBXProject "ATMusic" */;
			compatibilityVersion = "Xcode 3.2";
			developmentRegion = English;
			hasScannedForEncodings = 0;
			knownRegions = (
				en,
				Base,
			);
			mainGroup = 8287D6401D4EEE4800F2344B;
			productRefGroup = 8287D64A1D4EEE4800F2344B /* Products */;
			projectDirPath = "";
			projectRoot = "";
			targets = (
				8287D6481D4EEE4800F2344B /* ATMusic */,
			);
		};
/* End PBXProject section */

/* Begin PBXResourcesBuildPhase section */
		8287D6471D4EEE4800F2344B /* Resources */ = {
			isa = PBXResourcesBuildPhase;
			buildActionMask = 2147483647;
			files = (
				2D0AC48B1D4EF66B001A8B8D /* Assets.xcassets in Resources */,
				2D0AC4981D4F0665001A8B8D /* ChartViewController.xib in Resources */,
				2D0AC4A01D4F0696001A8B8D /* SearchViewController.xib in Resources */,
				2D0AC48C1D4EF66B001A8B8D /* LaunchScreen.storyboard in Resources */,
				2D0AC48D1D4EF66B001A8B8D /* Info.plist in Resources */,
				2D0AC49C1D4F067E001A8B8D /* PlaylistViewController.xib in Resources */,
			);
			runOnlyForDeploymentPostprocessing = 0;
		};
/* End PBXResourcesBuildPhase section */

/* Begin PBXSourcesBuildPhase section */
		8287D6451D4EEE4800F2344B /* Sources */ = {
			isa = PBXSourcesBuildPhase;
			buildActionMask = 2147483647;
			files = (
				2D0AC4941D4F062D001A8B8D /* AppDelegate.swift in Sources */,
				2D0AC4A61D4F0864001A8B8D /* BaseTabBarController.swift in Sources */,
				2D0AC4971D4F0665001A8B8D /* ChartViewController.swift in Sources */,
				2D0AC4A81D4F0B44001A8B8D /* extension.swift in Sources */,
				2D0AC49F1D4F0696001A8B8D /* SearchViewController.swift in Sources */,
				2D0AC49B1D4F067E001A8B8D /* PlaylistViewController.swift in Sources */,
			);
			runOnlyForDeploymentPostprocessing = 0;
		};
/* End PBXSourcesBuildPhase section */

/* Begin PBXVariantGroup section */
		2D0AC4861D4EF66B001A8B8D /* LaunchScreen.storyboard */ = {
			isa = PBXVariantGroup;
			children = (
				2D0AC4871D4EF66B001A8B8D /* Base */,
			);
			name = LaunchScreen.storyboard;
			sourceTree = "<group>";
		};
/* End PBXVariantGroup section */

/* Begin XCBuildConfiguration section */
		8287D6591D4EEE4900F2344B /* Debug */ = {
			isa = XCBuildConfiguration;
			buildSettings = {
				ALWAYS_SEARCH_USER_PATHS = NO;
				CLANG_ANALYZER_NONNULL = YES;
				CLANG_CXX_LANGUAGE_STANDARD = "gnu++0x";
				CLANG_CXX_LIBRARY = "libc++";
				CLANG_ENABLE_MODULES = YES;
				CLANG_ENABLE_OBJC_ARC = YES;
				CLANG_WARN_BOOL_CONVERSION = YES;
				CLANG_WARN_CONSTANT_CONVERSION = YES;
				CLANG_WARN_DIRECT_OBJC_ISA_USAGE = YES_ERROR;
				CLANG_WARN_EMPTY_BODY = YES;
				CLANG_WARN_ENUM_CONVERSION = YES;
				CLANG_WARN_INT_CONVERSION = YES;
				CLANG_WARN_OBJC_ROOT_CLASS = YES_ERROR;
				CLANG_WARN_UNREACHABLE_CODE = YES;
				CLANG_WARN__DUPLICATE_METHOD_MATCH = YES;
				"CODE_SIGN_IDENTITY[sdk=iphoneos*]" = "iPhone Developer";
				COPY_PHASE_STRIP = NO;
				DEBUG_INFORMATION_FORMAT = dwarf;
				ENABLE_STRICT_OBJC_MSGSEND = YES;
				ENABLE_TESTABILITY = YES;
				GCC_C_LANGUAGE_STANDARD = gnu99;
				GCC_DYNAMIC_NO_PIC = NO;
				GCC_NO_COMMON_BLOCKS = YES;
				GCC_OPTIMIZATION_LEVEL = 0;
				GCC_PREPROCESSOR_DEFINITIONS = (
					"DEBUG=1",
					"$(inherited)",
				);
				GCC_WARN_64_TO_32_BIT_CONVERSION = YES;
				GCC_WARN_ABOUT_RETURN_TYPE = YES_ERROR;
				GCC_WARN_UNDECLARED_SELECTOR = YES;
				GCC_WARN_UNINITIALIZED_AUTOS = YES_AGGRESSIVE;
				GCC_WARN_UNUSED_FUNCTION = YES;
				GCC_WARN_UNUSED_VARIABLE = YES;
				IPHONEOS_DEPLOYMENT_TARGET = 9.3;
				MTL_ENABLE_DEBUG_INFO = YES;
				ONLY_ACTIVE_ARCH = YES;
				SDKROOT = iphoneos;
				SWIFT_OPTIMIZATION_LEVEL = "-Onone";
			};
			name = Debug;
		};
		8287D65A1D4EEE4900F2344B /* Release */ = {
			isa = XCBuildConfiguration;
			buildSettings = {
				ALWAYS_SEARCH_USER_PATHS = NO;
				CLANG_ANALYZER_NONNULL = YES;
				CLANG_CXX_LANGUAGE_STANDARD = "gnu++0x";
				CLANG_CXX_LIBRARY = "libc++";
				CLANG_ENABLE_MODULES = YES;
				CLANG_ENABLE_OBJC_ARC = YES;
				CLANG_WARN_BOOL_CONVERSION = YES;
				CLANG_WARN_CONSTANT_CONVERSION = YES;
				CLANG_WARN_DIRECT_OBJC_ISA_USAGE = YES_ERROR;
				CLANG_WARN_EMPTY_BODY = YES;
				CLANG_WARN_ENUM_CONVERSION = YES;
				CLANG_WARN_INT_CONVERSION = YES;
				CLANG_WARN_OBJC_ROOT_CLASS = YES_ERROR;
				CLANG_WARN_UNREACHABLE_CODE = YES;
				CLANG_WARN__DUPLICATE_METHOD_MATCH = YES;
				"CODE_SIGN_IDENTITY[sdk=iphoneos*]" = "iPhone Developer";
				COPY_PHASE_STRIP = NO;
				DEBUG_INFORMATION_FORMAT = "dwarf-with-dsym";
				ENABLE_NS_ASSERTIONS = NO;
				ENABLE_STRICT_OBJC_MSGSEND = YES;
				GCC_C_LANGUAGE_STANDARD = gnu99;
				GCC_NO_COMMON_BLOCKS = YES;
				GCC_WARN_64_TO_32_BIT_CONVERSION = YES;
				GCC_WARN_ABOUT_RETURN_TYPE = YES_ERROR;
				GCC_WARN_UNDECLARED_SELECTOR = YES;
				GCC_WARN_UNINITIALIZED_AUTOS = YES_AGGRESSIVE;
				GCC_WARN_UNUSED_FUNCTION = YES;
				GCC_WARN_UNUSED_VARIABLE = YES;
				IPHONEOS_DEPLOYMENT_TARGET = 9.3;
				MTL_ENABLE_DEBUG_INFO = NO;
				SDKROOT = iphoneos;
				VALIDATE_PRODUCT = YES;
			};
			name = Release;
		};
		8287D65C1D4EEE4900F2344B /* Debug */ = {
			isa = XCBuildConfiguration;
			buildSettings = {
				ASSETCATALOG_COMPILER_APPICON_NAME = AppIcon;
				CLANG_ENABLE_MODULES = YES;
				CODE_SIGN_IDENTITY = "iPhone Developer";
				INFOPLIST_FILE = "$(SRCROOT)/ATMusic/Supports/Info.plist";
				LD_RUNPATH_SEARCH_PATHS = "$(inherited) @executable_path/Frameworks";
				PRODUCT_BUNDLE_IDENTIFIER = vn.at.dev.ATMusic;
				PRODUCT_NAME = "$(TARGET_NAME)";
				SWIFT_OPTIMIZATION_LEVEL = "-Onone";
			};
			name = Debug;
		};
		8287D65D1D4EEE4900F2344B /* Release */ = {
			isa = XCBuildConfiguration;
			buildSettings = {
				ASSETCATALOG_COMPILER_APPICON_NAME = AppIcon;
				CLANG_ENABLE_MODULES = YES;
				CODE_SIGN_IDENTITY = "iPhone Developer";
				INFOPLIST_FILE = "$(SRCROOT)/ATMusic/Supports/Info.plist";
				LD_RUNPATH_SEARCH_PATHS = "$(inherited) @executable_path/Frameworks";
				PRODUCT_BUNDLE_IDENTIFIER = vn.at.dev.ATMusic;
				PRODUCT_NAME = "$(TARGET_NAME)";
			};
			name = Release;
		};
/* End XCBuildConfiguration section */

/* Begin XCConfigurationList section */
		8287D6441D4EEE4800F2344B /* Build configuration list for PBXProject "ATMusic" */ = {
			isa = XCConfigurationList;
			buildConfigurations = (
				8287D6591D4EEE4900F2344B /* Debug */,
				8287D65A1D4EEE4900F2344B /* Release */,
			);
			defaultConfigurationIsVisible = 0;
			defaultConfigurationName = Release;
		};
		8287D65B1D4EEE4900F2344B /* Build configuration list for PBXNativeTarget "ATMusic" */ = {
			isa = XCConfigurationList;
			buildConfigurations = (
				8287D65C1D4EEE4900F2344B /* Debug */,
				8287D65D1D4EEE4900F2344B /* Release */,
			);
			defaultConfigurationIsVisible = 0;
			defaultConfigurationName = Release;
		};
/* End XCConfigurationList section */
	};
	rootObject = 8287D6411D4EEE4800F2344B /* Project object */;
}
